
Microsoft Visual Studio Solution File, Format Version 12.00
Project("{FAE04EC0-301F-11D3-BF4B-00C04F79EFBC}") = "Gorilla Gang Wars", "Gorilla Gang Wars\Gorilla Gang Wars.csproj", "{424E9D55-FAD2-470A-86B8-1E87A565FF7D}"
EndProject
Global
	GlobalSection(SolutionConfigurationPlatforms) = preSolution
		Debug|Any CPU = Debug|Any CPU
		Release|Any CPU = Release|Any CPU
	EndGlobalSection
	GlobalSection(ProjectConfigurationPlatforms) = postSolution
		{424E9D55-FAD2-470A-86B8-1E87A565FF7D}.Debug|Any CPU.ActiveCfg = Debug|Any CPU
		{424E9D55-FAD2-470A-86B8-1E87A565FF7D}.Debug|Any CPU.Build.0 = Debug|Any CPU
		{424E9D55-FAD2-470A-86B8-1E87A565FF7D}.Release|Any CPU.ActiveCfg = Release|Any CPU
		{424E9D55-FAD2-470A-86B8-1E87A565FF7D}.Release|Any CPU.Build.0 = Release|Any CPU
	EndGlobalSection
EndGlobal
